
Microsoft Visual Studio Solution File, Format Version 12.00
# Visual Studio Version 17
VisualStudioVersion = 17.2.32616.157
MinimumVisualStudioVersion = 10.0.40219.1
Project("{FAE04EC0-301F-11D3-BF4B-00C04F79EFBC}") = "Euler Problems", "Euler Problems.csproj", "{62F76280-8621-42CD-9E59-97A2B724C05A}"
EndProject
Global
	GlobalSection(SolutionConfigurationPlatforms) = preSolution
		Debug|Any CPU = Debug|Any CPU
		Release|Any CPU = Release|Any CPU
	EndGlobalSection
	GlobalSection(ProjectConfigurationPlatforms) = postSolution
		{62F76280-8621-42CD-9E59-97A2B724C05A}.Debug|Any CPU.ActiveCfg = Debug|Any CPU
		{62F76280-8621-42CD-9E59-97A2B724C05A}.Debug|Any CPU.Build.0 = Debug|Any CPU
		{62F76280-8621-42CD-9E59-97A2B724C05A}.Release|Any CPU.ActiveCfg = Release|Any CPU
		{62F76280-8621-42CD-9E59-97A2B724C05A}.Release|Any CPU.Build.0 = Release|Any CPU
	EndGlobalSection
	GlobalSection(SolutionProperties) = preSolution
		HideSolutionNode = FALSE
	EndGlobalSection
	GlobalSection(ExtensibilityGlobals) = postSolution
		SolutionGuid = {6EE314EA-3D6B-4882-B509-7367CB8DDE96}
	EndGlobalSection
EndGlobal
